
Microsoft Visual Studio Solution File, Format Version 12.00
# Visual Studio 15
VisualStudioVersion = 15.0.28307.757
MinimumVisualStudioVersion = 10.0.40219.1
Project("{FAE04EC0-301F-11D3-BF4B-00C04F79EFBC}") = "QuickBuy.Domain", "QuickBuy.Domain\QuickBuy.Domain.csproj", "{94C25FD0-7FD8-4E8E-890B-7BBC73703257}"
EndProject
Project("{FAE04EC0-301F-11D3-BF4B-00C04F79EFBC}") = "QuickBuy.Repository", "QuickBuy.Repository\QuickBuy.Repository.csproj", "{59BA2EE0-0D8E-4314-935B-2F02E9472A0B}"
EndProject
Project("{FAE04EC0-301F-11D3-BF4B-00C04F79EFBC}") = "QuickBuy.Web", "QuickBuy.Web\QuickBuy.Web.csproj", "{54AED373-0889-4147-B281-99D7EDEA33CB}"
EndProject
Global
	GlobalSection(SolutionConfigurationPlatforms) = preSolution
		Debug|Any CPU = Debug|Any CPU
		Release|Any CPU = Release|Any CPU
	EndGlobalSection
	GlobalSection(ProjectConfigurationPlatforms) = postSolution
		{94C25FD0-7FD8-4E8E-890B-7BBC73703257}.Debug|Any CPU.ActiveCfg = Debug|Any CPU
		{94C25FD0-7FD8-4E8E-890B-7BBC73703257}.Debug|Any CPU.Build.0 = Debug|Any CPU
		{94C25FD0-7FD8-4E8E-890B-7BBC73703257}.Release|Any CPU.ActiveCfg = Release|Any CPU
		{94C25FD0-7FD8-4E8E-890B-7BBC73703257}.Release|Any CPU.Build.0 = Release|Any CPU
		{59BA2EE0-0D8E-4314-935B-2F02E9472A0B}.Debug|Any CPU.ActiveCfg = Debug|Any CPU
		{59BA2EE0-0D8E-4314-935B-2F02E9472A0B}.Debug|Any CPU.Build.0 = Debug|Any CPU
		{59BA2EE0-0D8E-4314-935B-2F02E9472A0B}.Release|Any CPU.ActiveCfg = Release|Any CPU
		{59BA2EE0-0D8E-4314-935B-2F02E9472A0B}.Release|Any CPU.Build.0 = Release|Any CPU
		{54AED373-0889-4147-B281-99D7EDEA33CB}.Debug|Any CPU.ActiveCfg = Debug|Any CPU
		{54AED373-0889-4147-B281-99D7EDEA33CB}.Debug|Any CPU.Build.0 = Debug|Any CPU
		{54AED373-0889-4147-B281-99D7EDEA33CB}.Release|Any CPU.ActiveCfg = Release|Any CPU
		{54AED373-0889-4147-B281-99D7EDEA33CB}.Release|Any CPU.Build.0 = Release|Any CPU
	EndGlobalSection
	GlobalSection(SolutionProperties) = preSolution
		HideSolutionNode = FALSE
	EndGlobalSection
	GlobalSection(ExtensibilityGlobals) = postSolution
		SolutionGuid = {5FF2D755-C514-454E-96B7-59CC2A70F663}
	EndGlobalSection
EndGlobal
